
Microsoft Visual Studio Solution File, Format Version 12.00
# Visual Studio Version 16
VisualStudioVersion = 16.0.30104.148
MinimumVisualStudioVersion = 10.0.40219.1
Project("{FAE04EC0-301F-11D3-BF4B-00C04F79EFBC}") = "MyShop.Core", "MyShop.Core\MyShop.Core.csproj", "{034358A2-6979-4CD8-B82D-EA479B3F8B95}"
EndProject
Project("{FAE04EC0-301F-11D3-BF4B-00C04F79EFBC}") = "MyShop.Services", "MyShop.Services\MyShop.Services.csproj", "{410E6991-2607-45A8-96E6-231AC5E51699}"
EndProject
Project("{FAE04EC0-301F-11D3-BF4B-00C04F79EFBC}") = "MyShop.DataAccess.SQL", "MyShop.DataAccess.SQL\MyShop.DataAccess.SQL.csproj", "{C9E1EF1E-F23A-4BA3-BD53-D35BC3E46FF7}"
EndProject
Project("{FAE04EC0-301F-11D3-BF4B-00C04F79EFBC}") = "MyShop.DataAccess.InMemory", "MyShop.DataAccess.InMemory\MyShop.DataAccess.InMemory.csproj", "{C1BE71E9-B3CD-40E7-B9BE-90F11155DDE5}"
EndProject
Project("{FAE04EC0-301F-11D3-BF4B-00C04F79EFBC}") = "MyShop.WebUI", "MyShop.WebUI\MyShop.WebUI.csproj", "{C5DFF754-0413-4A6D-8BB0-FECBE78EDEA1}"
EndProject
Global
	GlobalSection(SolutionConfigurationPlatforms) = preSolution
		Debug|Any CPU = Debug|Any CPU
		Release|Any CPU = Release|Any CPU
	EndGlobalSection
	GlobalSection(ProjectConfigurationPlatforms) = postSolution
		{034358A2-6979-4CD8-B82D-EA479B3F8B95}.Debug|Any CPU.ActiveCfg = Debug|Any CPU
		{034358A2-6979-4CD8-B82D-EA479B3F8B95}.Debug|Any CPU.Build.0 = Debug|Any CPU
		{034358A2-6979-4CD8-B82D-EA479B3F8B95}.Release|Any CPU.ActiveCfg = Release|Any CPU
		{034358A2-6979-4CD8-B82D-EA479B3F8B95}.Release|Any CPU.Build.0 = Release|Any CPU
		{410E6991-2607-45A8-96E6-231AC5E51699}.Debug|Any CPU.ActiveCfg = Debug|Any CPU
		{410E6991-2607-45A8-96E6-231AC5E51699}.Debug|Any CPU.Build.0 = Debug|Any CPU
		{410E6991-2607-45A8-96E6-231AC5E51699}.Release|Any CPU.ActiveCfg = Release|Any CPU
		{410E6991-2607-45A8-96E6-231AC5E51699}.Release|Any CPU.Build.0 = Release|Any CPU
		{C9E1EF1E-F23A-4BA3-BD53-D35BC3E46FF7}.Debug|Any CPU.ActiveCfg = Debug|Any CPU
		{C9E1EF1E-F23A-4BA3-BD53-D35BC3E46FF7}.Debug|Any CPU.Build.0 = Debug|Any CPU
		{C9E1EF1E-F23A-4BA3-BD53-D35BC3E46FF7}.Release|Any CPU.ActiveCfg = Release|Any CPU
		{C9E1EF1E-F23A-4BA3-BD53-D35BC3E46FF7}.Release|Any CPU.Build.0 = Release|Any CPU
		{C1BE71E9-B3CD-40E7-B9BE-90F11155DDE5}.Debug|Any CPU.ActiveCfg = Debug|Any CPU
		{C1BE71E9-B3CD-40E7-B9BE-90F11155DDE5}.Debug|Any CPU.Build.0 = Debug|Any CPU
		{C1BE71E9-B3CD-40E7-B9BE-90F11155DDE5}.Release|Any CPU.ActiveCfg = Release|Any CPU
		{C1BE71E9-B3CD-40E7-B9BE-90F11155DDE5}.Release|Any CPU.Build.0 = Release|Any CPU
		{C5DFF754-0413-4A6D-8BB0-FECBE78EDEA1}.Debug|Any CPU.ActiveCfg = Debug|Any CPU
		{C5DFF754-0413-4A6D-8BB0-FECBE78EDEA1}.Debug|Any CPU.Build.0 = Debug|Any CPU
		{C5DFF754-0413-4A6D-8BB0-FECBE78EDEA1}.Release|Any CPU.ActiveCfg = Release|Any CPU
		{C5DFF754-0413-4A6D-8BB0-FECBE78EDEA1}.Release|Any CPU.Build.0 = Release|Any CPU
	EndGlobalSection
	GlobalSection(SolutionProperties) = preSolution
		HideSolutionNode = FALSE
	EndGlobalSection
	GlobalSection(ExtensibilityGlobals) = postSolution
		SolutionGuid = {5170BF92-5E7D-4DEB-9FFC-28716772F867}
	EndGlobalSection
EndGlobal
